
Microsoft Visual Studio Solution File, Format Version 12.00
# Visual Studio Version 17
VisualStudioVersion = 17.8.34511.84
MinimumVisualStudioVersion = 10.0.40219.1
Project("{9A19103F-16F7-4668-BE54-9A1E7A4F7556}") = "Forum.API", "Forum.API\Forum.API.csproj", "{858FC5E8-7BA6-449B-88A8-F0B58CB76907}"
EndProject
Project("{9A19103F-16F7-4668-BE54-9A1E7A4F7556}") = "Forum.Data", "Forum.Data\Forum.Data.csproj", "{1911C2E9-F91A-42E4-BB14-DA4289270915}"
EndProject
Project("{9A19103F-16F7-4668-BE54-9A1E7A4F7556}") = "Forum.UnitTests", "Forum.UnitTests\Forum.UnitTests.csproj", "{33FCAF22-E7F0-4BD1-AF82-F3911AA10C0C}"
EndProject
Project("{FAE04EC0-301F-11D3-BF4B-00C04F79EFBC}") = "Forum.Services", "Forum.Services\Forum.Services.csproj", "{FA3257BC-A065-48B1-8929-A80BE03548A1}"
EndProject
Global
	GlobalSection(SolutionConfigurationPlatforms) = preSolution
		Debug|Any CPU = Debug|Any CPU
		Release|Any CPU = Release|Any CPU
	EndGlobalSection
	GlobalSection(ProjectConfigurationPlatforms) = postSolution
		{858FC5E8-7BA6-449B-88A8-F0B58CB76907}.Debug|Any CPU.ActiveCfg = Debug|Any CPU
		{858FC5E8-7BA6-449B-88A8-F0B58CB76907}.Debug|Any CPU.Build.0 = Debug|Any CPU
		{858FC5E8-7BA6-449B-88A8-F0B58CB76907}.Release|Any CPU.ActiveCfg = Release|Any CPU
		{858FC5E8-7BA6-449B-88A8-F0B58CB76907}.Release|Any CPU.Build.0 = Release|Any CPU
		{1911C2E9-F91A-42E4-BB14-DA4289270915}.Debug|Any CPU.ActiveCfg = Debug|Any CPU
		{1911C2E9-F91A-42E4-BB14-DA4289270915}.Debug|Any CPU.Build.0 = Debug|Any CPU
		{1911C2E9-F91A-42E4-BB14-DA4289270915}.Release|Any CPU.ActiveCfg = Release|Any CPU
		{1911C2E9-F91A-42E4-BB14-DA4289270915}.Release|Any CPU.Build.0 = Release|Any CPU
		{33FCAF22-E7F0-4BD1-AF82-F3911AA10C0C}.Debug|Any CPU.ActiveCfg = Debug|Any CPU
		{33FCAF22-E7F0-4BD1-AF82-F3911AA10C0C}.Debug|Any CPU.Build.0 = Debug|Any CPU
		{33FCAF22-E7F0-4BD1-AF82-F3911AA10C0C}.Release|Any CPU.ActiveCfg = Release|Any CPU
		{33FCAF22-E7F0-4BD1-AF82-F3911AA10C0C}.Release|Any CPU.Build.0 = Release|Any CPU
		{FA3257BC-A065-48B1-8929-A80BE03548A1}.Debug|Any CPU.ActiveCfg = Debug|Any CPU
		{FA3257BC-A065-48B1-8929-A80BE03548A1}.Debug|Any CPU.Build.0 = Debug|Any CPU
		{FA3257BC-A065-48B1-8929-A80BE03548A1}.Release|Any CPU.ActiveCfg = Release|Any CPU
		{FA3257BC-A065-48B1-8929-A80BE03548A1}.Release|Any CPU.Build.0 = Release|Any CPU
	EndGlobalSection
	GlobalSection(SolutionProperties) = preSolution
		HideSolutionNode = FALSE
	EndGlobalSection
	GlobalSection(ExtensibilityGlobals) = postSolution
		SolutionGuid = {862892D5-9596-41E9-AD3A-696E83CA9EDA}
	EndGlobalSection
EndGlobal
